// !$*UTF8*$!
{
	archiveVersion = 1;
	classes = {
	};
	objectVersion = 50;
	objects = {

/* Begin PBXBuildFile section */
		A48D508622BE625500467148 /* AppDelegate.swift in Sources */ = {isa = PBXBuildFile; fileRef = A48D508522BE625500467148 /* AppDelegate.swift */; };
		A48D508822BE625500467148 /* SceneDelegate.swift in Sources */ = {isa = PBXBuildFile; fileRef = A48D508722BE625500467148 /* SceneDelegate.swift */; };
		A48D508A22BE625500467148 /* LandmarkDetail.swift in Sources */ = {isa = PBXBuildFile; fileRef = A48D508922BE625500467148 /* LandmarkDetail.swift */; };
		A48D508C22BE625B00467148 /* Assets.xcassets in Resources */ = {isa = PBXBuildFile; fileRef = A48D508B22BE625B00467148 /* Assets.xcassets */; };
		A48D508F22BE625B00467148 /* Preview Assets.xcassets in Resources */ = {isa = PBXBuildFile; fileRef = A48D508E22BE625B00467148 /* Preview Assets.xcassets */; };
		A48D509222BE625B00467148 /* LaunchScreen.storyboard in Resources */ = {isa = PBXBuildFile; fileRef = A48D509022BE625B00467148 /* LaunchScreen.storyboard */; };
		A48D509D22BE625B00467148 /* SwiftUI_ListAndNavigationTests.swift in Sources */ = {isa = PBXBuildFile; fileRef = A48D509C22BE625B00467148 /* SwiftUI_ListAndNavigationTests.swift */; };
		A48D50A822BE625B00467148 /* SwiftUI_ListAndNavigationUITests.swift in Sources */ = {isa = PBXBuildFile; fileRef = A48D50A722BE625B00467148 /* SwiftUI_ListAndNavigationUITests.swift */; };
		A48D50B622BE658700467148 /* CircleImage.swift in Sources */ = {isa = PBXBuildFile; fileRef = A48D50B522BE658700467148 /* CircleImage.swift */; };
		A48D50B822BE65A800467148 /* MapView.swift in Sources */ = {isa = PBXBuildFile; fileRef = A48D50B722BE65A800467148 /* MapView.swift */; };
		A48D50C722BE67A100467148 /* turtlerock.jpg in Resources */ = {isa = PBXBuildFile; fileRef = A48D50BA22BE67A100467148 /* turtlerock.jpg */; };
		A48D50C822BE67A100467148 /* silversalmoncreek.jpg in Resources */ = {isa = PBXBuildFile; fileRef = A48D50BB22BE67A100467148 /* silversalmoncreek.jpg */; };
		A48D50C922BE67A100467148 /* icybay.jpg in Resources */ = {isa = PBXBuildFile; fileRef = A48D50BC22BE67A100467148 /* icybay.jpg */; };
		A48D50CA22BE67A100467148 /* lakemcdonald.jpg in Resources */ = {isa = PBXBuildFile; fileRef = A48D50BD22BE67A100467148 /* lakemcdonald.jpg */; };
		A48D50CB22BE67A100467148 /* hiddenlake.jpg in Resources */ = {isa = PBXBuildFile; fileRef = A48D50BE22BE67A100467148 /* hiddenlake.jpg */; };
		A48D50CC22BE67A100467148 /* twinlake.jpg in Resources */ = {isa = PBXBuildFile; fileRef = A48D50BF22BE67A100467148 /* twinlake.jpg */; };
		A48D50CD22BE67A100467148 /* umbagog.jpg in Resources */ = {isa = PBXBuildFile; fileRef = A48D50C022BE67A100467148 /* umbagog.jpg */; };
		A48D50CE22BE67A100467148 /* landmarkData.json in Resources */ = {isa = PBXBuildFile; fileRef = A48D50C122BE67A100467148 /* landmarkData.json */; };
		A48D50CF22BE67A100467148 /* chincoteague.jpg in Resources */ = {isa = PBXBuildFile; fileRef = A48D50C222BE67A100467148 /* chincoteague.jpg */; };
		A48D50D022BE67A100467148 /* yukon_charleyrivers.jpg in Resources */ = {isa = PBXBuildFile; fileRef = A48D50C322BE67A100467148 /* yukon_charleyrivers.jpg */; };
		A48D50D122BE67A100467148 /* stmarylake.jpg in Resources */ = {isa = PBXBuildFile; fileRef = A48D50C422BE67A100467148 /* stmarylake.jpg */; };
		A48D50D222BE67A100467148 /* chilkoottrail.jpg in Resources */ = {isa = PBXBuildFile; fileRef = A48D50C522BE67A100467148 /* chilkoottrail.jpg */; };
		A48D50D322BE67A100467148 /* rainbowlake.jpg in Resources */ = {isa = PBXBuildFile; fileRef = A48D50C622BE67A100467148 /* rainbowlake.jpg */; };
		A48D50D522BE682900467148 /* Data.swift in Sources */ = {isa = PBXBuildFile; fileRef = A48D50D422BE682900467148 /* Data.swift */; };
		A48D50D722BE688700467148 /* Landmark.swift in Sources */ = {isa = PBXBuildFile; fileRef = A48D50D622BE688700467148 /* Landmark.swift */; };
		A48D50D922BE6A6400467148 /* LandmarkRow.swift in Sources */ = {isa = PBXBuildFile; fileRef = A48D50D822BE6A6400467148 /* LandmarkRow.swift */; };
		A48D50DB22BE6D3200467148 /* LandmarkList.swift in Sources */ = {isa = PBXBuildFile; fileRef = A48D50DA22BE6D3200467148 /* LandmarkList.swift */; };
/* End PBXBuildFile section */

/* Begin PBXContainerItemProxy section */
		A48D509922BE625B00467148 /* PBXContainerItemProxy */ = {
			isa = PBXContainerItemProxy;
			containerPortal = A48D507A22BE625500467148 /* Project object */;
			proxyType = 1;
			remoteGlobalIDString = A48D508122BE625500467148;
			remoteInfo = SwiftUI_ListAndNavigation;
		};
		A48D50A422BE625B00467148 /* PBXContainerItemProxy */ = {
			isa = PBXContainerItemProxy;
			containerPortal = A48D507A22BE625500467148 /* Project object */;
			proxyType = 1;
			remoteGlobalIDString = A48D508122BE625500467148;
			remoteInfo = SwiftUI_ListAndNavigation;
		};
/* End PBXContainerItemProxy section */

/* Begin PBXFileReference section */
		A48D508222BE625500467148 /* SwiftUI_ListAndNavigation.app */ = {isa = PBXFileReference; explicitFileType = wrapper.application; includeInIndex = 0; path = SwiftUI_ListAndNavigation.app; sourceTree = BUILT_PRODUCTS_DIR; };
		A48D508522BE625500467148 /* AppDelegate.swift */ = {isa = PBXFileReference; lastKnownFileType = sourcecode.swift; path = AppDelegate.swift; sourceTree = "<group>"; };
		A48D508722BE625500467148 /* SceneDelegate.swift */ = {isa = PBXFileReference; lastKnownFileType = sourcecode.swift; path = SceneDelegate.swift; sourceTree = "<group>"; };
		A48D508922BE625500467148 /* LandmarkDetail.swift */ = {isa = PBXFileReference; lastKnownFileType = sourcecode.swift; path = LandmarkDetail.swift; sourceTree = "<group>"; };
		A48D508B22BE625B00467148 /* Assets.xcassets */ = {isa = PBXFileReference; lastKnownFileType = folder.assetcatalog; path = Assets.xcassets; sourceTree = "<group>"; };
		A48D508E22BE625B00467148 /* Preview Assets.xcassets */ = {isa = PBXFileReference; lastKnownFileType = folder.assetcatalog; path = "Preview Assets.xcassets"; sourceTree = "<group>"; };
		A48D509122BE625B00467148 /* Base */ = {isa = PBXFileReference; lastKnownFileType = file.storyboard; name = Base; path = Base.lproj/LaunchScreen.storyboard; sourceTree = "<group>"; };
		A48D509322BE625B00467148 /* Info.plist */ = {isa = PBXFileReference; lastKnownFileType = text.plist.xml; path = Info.plist; sourceTree = "<group>"; };
		A48D509822BE625B00467148 /* SwiftUI_ListAndNavigationTests.xctest */ = {isa = PBXFileReference; explicitFileType = wrapper.cfbundle; includeInIndex = 0; path = SwiftUI_ListAndNavigationTests.xctest; sourceTree = BUILT_PRODUCTS_DIR; };
		A48D509C22BE625B00467148 /* SwiftUI_ListAndNavigationTests.swift */ = {isa = PBXFileReference; lastKnownFileType = sourcecode.swift; path = SwiftUI_ListAndNavigationTests.swift; sourceTree = "<group>"; };
		A48D509E22BE625B00467148 /* Info.plist */ = {isa = PBXFileReference; lastKnownFileType = text.plist.xml; path = Info.plist; sourceTree = "<group>"; };
		A48D50A322BE625B00467148 /* SwiftUI_ListAndNavigationUITests.xctest */ = {isa = PBXFileReference; explicitFileType = wrapper.cfbundle; includeInIndex = 0; path = SwiftUI_ListAndNavigationUITests.xctest; sourceTree = BUILT_PRODUCTS_DIR; };
		A48D50A722BE625B00467148 /* SwiftUI_ListAndNavigationUITests.swift */ = {isa = PBXFileReference; lastKnownFileType = sourcecode.swift; path = SwiftUI_ListAndNavigationUITests.swift; sourceTree = "<group>"; };
		A48D50A922BE625B00467148 /* Info.plist */ = {isa = PBXFileReference; lastKnownFileType = text.plist.xml; path = Info.plist; sourceTree = "<group>"; };
		A48D50B522BE658700467148 /* CircleImage.swift */ = {isa = PBXFileReference; lastKnownFileType = sourcecode.swift; path = CircleImage.swift; sourceTree = "<group>"; };
		A48D50B722BE65A800467148 /* MapView.swift */ = {isa = PBXFileReference; lastKnownFileType = sourcecode.swift; path = MapView.swift; sourceTree = "<group>"; };
		A48D50BA22BE67A100467148 /* turtlerock.jpg */ = {isa = PBXFileReference; lastKnownFileType = image.jpeg; path = turtlerock.jpg; sourceTree = "<group>"; };
		A48D50BB22BE67A100467148 /* silversalmoncreek.jpg */ = {isa = PBXFileReference; lastKnownFileType = image.jpeg; path = silversalmoncreek.jpg; sourceTree = "<group>"; };
		A48D50BC22BE67A100467148 /* icybay.jpg */ = {isa = PBXFileReference; lastKnownFileType = image.jpeg; path = icybay.jpg; sourceTree = "<group>"; };
		A48D50BD22BE67A100467148 /* lakemcdonald.jpg */ = {isa = PBXFileReference; lastKnownFileType = image.jpeg; path = lakemcdonald.jpg; sourceTree = "<group>"; };
		A48D50BE22BE67A100467148 /* hiddenlake.jpg */ = {isa = PBXFileReference; lastKnownFileType = image.jpeg; path = hiddenlake.jpg; sourceTree = "<group>"; };
		A48D50BF22BE67A100467148 /* twinlake.jpg */ = {isa = PBXFileReference; lastKnownFileType = image.jpeg; path = twinlake.jpg; sourceTree = "<group>"; };
		A48D50C022BE67A100467148 /* umbagog.jpg */ = {isa = PBXFileReference; lastKnownFileType = image.jpeg; path = umbagog.jpg; sourceTree = "<group>"; };
		A48D50C122BE67A100467148 /* landmarkData.json */ = {isa = PBXFileReference; fileEncoding = 4; lastKnownFileType = text.json; path = landmarkData.json; sourceTree = "<group>"; };
		A48D50C222BE67A100467148 /* chincoteague.jpg */ = {isa = PBXFileReference; lastKnownFileType = image.jpeg; path = chincoteague.jpg; sourceTree = "<group>"; };
		A48D50C322BE67A100467148 /* yukon_charleyrivers.jpg */ = {isa = PBXFileReference; lastKnownFileType = image.jpeg; path = yukon_charleyrivers.jpg; sourceTree = "<group>"; };
		A48D50C422BE67A100467148 /* stmarylake.jpg */ = {isa = PBXFileReference; lastKnownFileType = image.jpeg; path = stmarylake.jpg; sourceTree = "<group>"; };
		A48D50C522BE67A100467148 /* chilkoottrail.jpg */ = {isa = PBXFileReference; lastKnownFileType = image.jpeg; path = chilkoottrail.jpg; sourceTree = "<group>"; };
		A48D50C622BE67A100467148 /* rainbowlake.jpg */ = {isa = PBXFileReference; lastKnownFileType = image.jpeg; path = rainbowlake.jpg; sourceTree = "<group>"; };
		A48D50D422BE682900467148 /* Data.swift */ = {isa = PBXFileReference; lastKnownFileType = sourcecode.swift; path = Data.swift; sourceTree = "<group>"; };
		A48D50D622BE688700467148 /* Landmark.swift */ = {isa = PBXFileReference; lastKnownFileType = sourcecode.swift; path = Landmark.swift; sourceTree = "<group>"; };
		A48D50D822BE6A6400467148 /* LandmarkRow.swift */ = {isa = PBXFileReference; lastKnownFileType = sourcecode.swift; path = LandmarkRow.swift; sourceTree = "<group>"; };
		A48D50DA22BE6D3200467148 /* LandmarkList.swift */ = {isa = PBXFileReference; lastKnownFileType = sourcecode.swift; path = LandmarkList.swift; sourceTree = "<group>"; };
/* End PBXFileReference section */

/* Begin PBXFrameworksBuildPhase section */
		A48D507F22BE625500467148 /* Frameworks */ = {
			isa = PBXFrameworksBuildPhase;
			buildActionMask = 2147483647;
			files = (
			);
			runOnlyForDeploymentPostprocessing = 0;
		};
		A48D509522BE625B00467148 /* Frameworks */ = {
			isa = PBXFrameworksBuildPhase;
			buildActionMask = 2147483647;
			files = (
			);
			runOnlyForDeploymentPostprocessing = 0;
		};
		A48D50A022BE625B00467148 /* Frameworks */ = {
			isa = PBXFrameworksBuildPhase;
			buildActionMask = 2147483647;
			files = (
			);
			runOnlyForDeploymentPostprocessing = 0;
		};
/* End PBXFrameworksBuildPhase section */

/* Begin PBXGroup section */
		A48D507922BE625500467148 = {
			isa = PBXGroup;
			children = (
				A48D508422BE625500467148 /* SwiftUI_ListAndNavigation */,
				A48D509B22BE625B00467148 /* SwiftUI_ListAndNavigationTests */,
				A48D50A622BE625B00467148 /* SwiftUI_ListAndNavigationUITests */,
				A48D508322BE625500467148 /* Products */,
			);
			sourceTree = "<group>";
		};
		A48D508322BE625500467148 /* Products */ = {
			isa = PBXGroup;
			children = (
				A48D508222BE625500467148 /* SwiftUI_ListAndNavigation.app */,
				A48D509822BE625B00467148 /* SwiftUI_ListAndNavigationTests.xctest */,
				A48D50A322BE625B00467148 /* SwiftUI_ListAndNavigationUITests.xctest */,
			);
			name = Products;
			sourceTree = "<group>";
		};
		A48D508422BE625500467148 /* SwiftUI_ListAndNavigation */ = {
			isa = PBXGroup;
			children = (
				A48D508522BE625500467148 /* AppDelegate.swift */,
				A48D508722BE625500467148 /* SceneDelegate.swift */,
				A48D508922BE625500467148 /* LandmarkDetail.swift */,
				A48D50D822BE6A6400467148 /* LandmarkRow.swift */,
				A48D50DA22BE6D3200467148 /* LandmarkList.swift */,
				A48D50D422BE682900467148 /* Data.swift */,
				A48D50D622BE688700467148 /* Landmark.swift */,
				A48D50B522BE658700467148 /* CircleImage.swift */,
				A48D50B722BE65A800467148 /* MapView.swift */,
				A48D508B22BE625B00467148 /* Assets.xcassets */,
				A48D509022BE625B00467148 /* LaunchScreen.storyboard */,
				A48D509322BE625B00467148 /* Info.plist */,
				A48D50B922BE67A100467148 /* Resources */,
				A48D508D22BE625B00467148 /* Preview Content */,
			);
			path = SwiftUI_ListAndNavigation;
			sourceTree = "<group>";
		};
		A48D508D22BE625B00467148 /* Preview Content */ = {
			isa = PBXGroup;
			children = (
				A48D508E22BE625B00467148 /* Preview Assets.xcassets */,
			);
			path = "Preview Content";
			sourceTree = "<group>";
		};
		A48D509B22BE625B00467148 /* SwiftUI_ListAndNavigationTests */ = {
			isa = PBXGroup;
			children = (
				A48D509C22BE625B00467148 /* SwiftUI_ListAndNavigationTests.swift */,
				A48D509E22BE625B00467148 /* Info.plist */,
			);
			path = SwiftUI_ListAndNavigationTests;
			sourceTree = "<group>";
		};
		A48D50A622BE625B00467148 /* SwiftUI_ListAndNavigationUITests */ = {
			isa = PBXGroup;
			children = (
				A48D50A722BE625B00467148 /* SwiftUI_ListAndNavigationUITests.swift */,
				A48D50A922BE625B00467148 /* Info.plist */,
			);
			path = SwiftUI_ListAndNavigationUITests;
			sourceTree = "<group>";
		};
		A48D50B922BE67A100467148 /* Resources */ = {
			isa = PBXGroup;
			children = (
				A48D50C122BE67A100467148 /* landmarkData.json */,
				A48D50BA22BE67A100467148 /* turtlerock.jpg */,
				A48D50BB22BE67A100467148 /* silversalmoncreek.jpg */,
				A48D50BC22BE67A100467148 /* icybay.jpg */,
				A48D50BD22BE67A100467148 /* lakemcdonald.jpg */,
				A48D50BE22BE67A100467148 /* hiddenlake.jpg */,
				A48D50BF22BE67A100467148 /* twinlake.jpg */,
				A48D50C022BE67A100467148 /* umbagog.jpg */,
				A48D50C222BE67A100467148 /* chincoteague.jpg */,
				A48D50C322BE67A100467148 /* yukon_charleyrivers.jpg */,
				A48D50C422BE67A100467148 /* stmarylake.jpg */,
				A48D50C522BE67A100467148 /* chilkoottrail.jpg */,
				A48D50C622BE67A100467148 /* rainbowlake.jpg */,
			);
			path = Resources;
			sourceTree = "<group>";
		};
/* End PBXGroup section */

/* Begin PBXNativeTarget section */
		A48D508122BE625500467148 /* SwiftUI_ListAndNavigation */ = {
			isa = PBXNativeTarget;
			buildConfigurationList = A48D50AC22BE625B00467148 /* Build configuration list for PBXNativeTarget "SwiftUI_ListAndNavigation" */;
			buildPhases = (
				A48D507E22BE625500467148 /* Sources */,
				A48D507F22BE625500467148 /* Frameworks */,
				A48D508022BE625500467148 /* Resources */,
			);
			buildRules = (
			);
			dependencies = (
			);
			name = SwiftUI_ListAndNavigation;
			productName = SwiftUI_ListAndNavigation;
			productReference = A48D508222BE625500467148 /* SwiftUI_ListAndNavigation.app */;
			productType = "com.apple.product-type.application";
		};
		A48D509722BE625B00467148 /* SwiftUI_ListAndNavigationTests */ = {
			isa = PBXNativeTarget;
			buildConfigurationList = A48D50AF22BE625B00467148 /* Build configuration list for PBXNativeTarget "SwiftUI_ListAndNavigationTests" */;
			buildPhases = (
				A48D509422BE625B00467148 /* Sources */,
				A48D509522BE625B00467148 /* Frameworks */,
				A48D509622BE625B00467148 /* Resources */,
			);
			buildRules = (
			);
			dependencies = (
				A48D509A22BE625B00467148 /* PBXTargetDependency */,
			);
			name = SwiftUI_ListAndNavigationTests;
			productName = SwiftUI_ListAndNavigationTests;
			productReference = A48D509822BE625B00467148 /* SwiftUI_ListAndNavigationTests.xctest */;
			productType = "com.apple.product-type.bundle.unit-test";
		};
		A48D50A222BE625B00467148 /* SwiftUI_ListAndNavigationUITests */ = {
			isa = PBXNativeTarget;
			buildConfigurationList = A48D50B222BE625B00467148 /* Build configuration list for PBXNativeTarget "SwiftUI_ListAndNavigationUITests" */;
			buildPhases = (
				A48D509F22BE625B00467148 /* Sources */,
				A48D50A022BE625B00467148 /* Frameworks */,
				A48D50A122BE625B00467148 /* Resources */,
			);
			buildRules = (
			);
			dependencies = (
				A48D50A522BE625B00467148 /* PBXTargetDependency */,
			);
			name = SwiftUI_ListAndNavigationUITests;
			productName = SwiftUI_ListAndNavigationUITests;
			productReference = A48D50A322BE625B00467148 /* SwiftUI_ListAndNavigationUITests.xctest */;
			productType = "com.apple.product-type.bundle.ui-testing";
		};
/* End PBXNativeTarget section */

/* Begin PBXProject section */
		A48D507A22BE625500467148 /* Project object */ = {
			isa = PBXProject;
			attributes = {
				LastSwiftUpdateCheck = 1100;
				LastUpgradeCheck = 1100;
				ORGANIZATIONNAME = sun;
				TargetAttributes = {
					A48D508122BE625500467148 = {
						CreatedOnToolsVersion = 11.0;
					};
					A48D509722BE625B00467148 = {
						CreatedOnToolsVersion = 11.0;
						TestTargetID = A48D508122BE625500467148;
					};
					A48D50A222BE625B00467148 = {
						CreatedOnToolsVersion = 11.0;
						TestTargetID = A48D508122BE625500467148;
					};
				};
			};
			buildConfigurationList = A48D507D22BE625500467148 /* Build configuration list for PBXProject "SwiftUI_ListAndNavigation" */;
			compatibilityVersion = "Xcode 9.3";
			developmentRegion = en;
			hasScannedForEncodings = 0;
			knownRegions = (
				en,
				Base,
			);
			mainGroup = A48D507922BE625500467148;
			productRefGroup = A48D508322BE625500467148 /* Products */;
			projectDirPath = "";
			projectRoot = "";
			targets = (
				A48D508122BE625500467148 /* SwiftUI_ListAndNavigation */,
				A48D509722BE625B00467148 /* SwiftUI_ListAndNavigationTests */,
				A48D50A222BE625B00467148 /* SwiftUI_ListAndNavigationUITests */,
			);
		};
/* End PBXProject section */

/* Begin PBXResourcesBuildPhase section */
		A48D508022BE625500467148 /* Resources */ = {
			isa = PBXResourcesBuildPhase;
			buildActionMask = 2147483647;
			files = (
				A48D50CA22BE67A100467148 /* lakemcdonald.jpg in Resources */,
				A48D50C822BE67A100467148 /* silversalmoncreek.jpg in Resources */,
				A48D50CE22BE67A100467148 /* landmarkData.json in Resources */,
				A48D50C722BE67A100467148 /* turtlerock.jpg in Resources */,
				A48D509222BE625B00467148 /* LaunchScreen.storyboard in Resources */,
				A48D50CD22BE67A100467148 /* umbagog.jpg in Resources */,
				A48D50D122BE67A100467148 /* stmarylake.jpg in Resources */,
				A48D50CF22BE67A100467148 /* chincoteague.jpg in Resources */,
				A48D508F22BE625B00467148 /* Preview Assets.xcassets in Resources */,
				A48D50C922BE67A100467148 /* icybay.jpg in Resources */,
				A48D50CC22BE67A100467148 /* twinlake.jpg in Resources */,
				A48D50CB22BE67A100467148 /* hiddenlake.jpg in Resources */,
				A48D508C22BE625B00467148 /* Assets.xcassets in Resources */,
				A48D50D322BE67A100467148 /* rainbowlake.jpg in Resources */,
				A48D50D222BE67A100467148 /* chilkoottrail.jpg in Resources */,
				A48D50D022BE67A100467148 /* yukon_charleyrivers.jpg in Resources */,
			);
			runOnlyForDeploymentPostprocessing = 0;
		};
		A48D509622BE625B00467148 /* Resources */ = {
			isa = PBXResourcesBuildPhase;
			buildActionMask = 2147483647;
			files = (
			);
			runOnlyForDeploymentPostprocessing = 0;
		};
		A48D50A122BE625B00467148 /* Resources */ = {
			isa = PBXResourcesBuildPhase;
			buildActionMask = 2147483647;
			files = (
			);
			runOnlyForDeploymentPostprocessing = 0;
		};
/* End PBXResourcesBuildPhase section */

/* Begin PBXSourcesBuildPhase section */
		A48D507E22BE625500467148 /* Sources */ = {
			isa = PBXSourcesBuildPhase;
			buildActionMask = 2147483647;
			files = (
				A48D508622BE625500467148 /* AppDelegate.swift in Sources */,
				A48D50D522BE682900467148 /* Data.swift in Sources */,
				A48D50B622BE658700467148 /* CircleImage.swift in Sources */,
				A48D50B822BE65A800467148 /* MapView.swift in Sources */,
				A48D50DB22BE6D3200467148 /* LandmarkList.swift in Sources */,
				A48D508822BE625500467148 /* SceneDelegate.swift in Sources */,
				A48D50D722BE688700467148 /* Landmark.swift in Sources */,
				A48D50D922BE6A6400467148 /* LandmarkRow.swift in Sources */,
				A48D508A22BE625500467148 /* LandmarkDetail.swift in Sources */,
			);
			runOnlyForDeploymentPostprocessing = 0;
		};
		A48D509422BE625B00467148 /* Sources */ = {
			isa = PBXSourcesBuildPhase;
			buildActionMask = 2147483647;
			files = (
				A48D509D22BE625B00467148 /* SwiftUI_ListAndNavigationTests.swift in Sources */,
			);
			runOnlyForDeploymentPostprocessing = 0;
		};
		A48D509F22BE625B00467148 /* Sources */ = {
			isa = PBXSourcesBuildPhase;
			buildActionMask = 2147483647;
			files = (
				A48D50A822BE625B00467148 /* SwiftUI_ListAndNavigationUITests.swift in Sources */,
			);
			runOnlyForDeploymentPostprocessing = 0;
		};
/* End PBXSourcesBuildPhase section */

/* Begin PBXTargetDependency section */
		A48D509A22BE625B00467148 /* PBXTargetDependency */ = {
			isa = PBXTargetDependency;
			target = A48D508122BE625500467148 /* SwiftUI_ListAndNavigation */;
			targetProxy = A48D509922BE625B00467148 /* PBXContainerItemProxy */;
		};
		A48D50A522BE625B00467148 /* PBXTargetDependency */ = {
			isa = PBXTargetDependency;
			target = A48D508122BE625500467148 /* SwiftUI_ListAndNavigation */;
			targetProxy = A48D50A422BE625B00467148 /* PBXContainerItemProxy */;
		};
/* End PBXTargetDependency section */

/* Begin PBXVariantGroup section */
		A48D509022BE625B00467148 /* LaunchScreen.storyboard */ = {
			isa = PBXVariantGroup;
			children = (
				A48D509122BE625B00467148 /* Base */,
			);
			name = LaunchScreen.storyboard;
			sourceTree = "<group>";
		};
/* End PBXVariantGroup section */

/* Begin XCBuildConfiguration section */
		A48D50AA22BE625B00467148 /* Debug */ = {
			isa = XCBuildConfiguration;
			buildSettings = {
				ALWAYS_SEARCH_USER_PATHS = NO;
				CLANG_ANALYZER_NONNULL = YES;
				CLANG_ANALYZER_NUMBER_OBJECT_CONVERSION = YES_AGGRESSIVE;
				CLANG_CXX_LANGUAGE_STANDARD = "gnu++14";
				CLANG_CXX_LIBRARY = "libc++";
				CLANG_ENABLE_MODULES = YES;
				CLANG_ENABLE_OBJC_ARC = YES;
				CLANG_ENABLE_OBJC_WEAK = YES;
				CLANG_WARN_BLOCK_CAPTURE_AUTORELEASING = YES;
				CLANG_WARN_BOOL_CONVERSION = YES;
				CLANG_WARN_COMMA = YES;
				CLANG_WARN_CONSTANT_CONVERSION = YES;
				CLANG_WARN_DEPRECATED_OBJC_IMPLEMENTATIONS = YES;
				CLANG_WARN_DIRECT_OBJC_ISA_USAGE = YES_ERROR;
				CLANG_WARN_DOCUMENTATION_COMMENTS = YES;
				CLANG_WARN_EMPTY_BODY = YES;
				CLANG_WARN_ENUM_CONVERSION = YES;
				CLANG_WARN_INFINITE_RECURSION = YES;
				CLANG_WARN_INT_CONVERSION = YES;
				CLANG_WARN_NON_LITERAL_NULL_CONVERSION = YES;
				CLANG_WARN_OBJC_IMPLICIT_RETAIN_SELF = YES;
				CLANG_WARN_OBJC_LITERAL_CONVERSION = YES;
				CLANG_WARN_OBJC_ROOT_CLASS = YES_ERROR;
				CLANG_WARN_RANGE_LOOP_ANALYSIS = YES;
				CLANG_WARN_STRICT_PROTOTYPES = YES;
				CLANG_WARN_SUSPICIOUS_MOVE = YES;
				CLANG_WARN_UNGUARDED_AVAILABILITY = YES_AGGRESSIVE;
				CLANG_WARN_UNREACHABLE_CODE = YES;
				CLANG_WARN__DUPLICATE_METHOD_MATCH = YES;
				COPY_PHASE_STRIP = NO;
				DEBUG_INFORMATION_FORMAT = dwarf;
				ENABLE_STRICT_OBJC_MSGSEND = YES;
				ENABLE_TESTABILITY = YES;
				GCC_C_LANGUAGE_STANDARD = gnu11;
				GCC_DYNAMIC_NO_PIC = NO;
				GCC_NO_COMMON_BLOCKS = YES;
				GCC_OPTIMIZATION_LEVEL = 0;
				GCC_PREPROCESSOR_DEFINITIONS = (
					"DEBUG=1",
					"$(inherited)",
				);
				GCC_WARN_64_TO_32_BIT_CONVERSION = YES;
				GCC_WARN_ABOUT_RETURN_TYPE = YES_ERROR;
				GCC_WARN_UNDECLARED_SELECTOR = YES;
				GCC_WARN_UNINITIALIZED_AUTOS = YES_AGGRESSIVE;
				GCC_WARN_UNUSED_FUNCTION = YES;
				GCC_WARN_UNUSED_VARIABLE = YES;
				IPHONEOS_DEPLOYMENT_TARGET = 13.0;
				MTL_ENABLE_DEBUG_INFO = INCLUDE_SOURCE;
				MTL_FAST_MATH = YES;
				ONLY_ACTIVE_ARCH = YES;
				SDKROOT = iphoneos;
				SWIFT_ACTIVE_COMPILATION_CONDITIONS = DEBUG;
				SWIFT_OPTIMIZATION_LEVEL = "-Onone";
			};
			name = Debug;
		};
		A48D50AB22BE625B00467148 /* Release */ = {
			isa = XCBuildConfiguration;
			buildSettings = {
				ALWAYS_SEARCH_USER_PATHS = NO;
				CLANG_ANALYZER_NONNULL = YES;
				CLANG_ANALYZER_NUMBER_OBJECT_CONVERSION = YES_AGGRESSIVE;
				CLANG_CXX_LANGUAGE_STANDARD = "gnu++14";
				CLANG_CXX_LIBRARY = "libc++";
				CLANG_ENABLE_MODULES = YES;
				CLANG_ENABLE_OBJC_ARC = YES;
				CLANG_ENABLE_OBJC_WEAK = YES;
				CLANG_WARN_BLOCK_CAPTURE_AUTORELEASING = YES;
				CLANG_WARN_BOOL_CONVERSION = YES;
				CLANG_WARN_COMMA = YES;
				CLANG_WARN_CONSTANT_CONVERSION = YES;
				CLANG_WARN_DEPRECATED_OBJC_IMPLEMENTATIONS = YES;
				CLANG_WARN_DIRECT_OBJC_ISA_USAGE = YES_ERROR;
				CLANG_WARN_DOCUMENTATION_COMMENTS = YES;
				CLANG_WARN_EMPTY_BODY = YES;
				CLANG_WARN_ENUM_CONVERSION = YES;
				CLANG_WARN_INFINITE_RECURSION = YES;
				CLANG_WARN_INT_CONVERSION = YES;
				CLANG_WARN_NON_LITERAL_NULL_CONVERSION = YES;
				CLANG_WARN_OBJC_IMPLICIT_RETAIN_SELF = YES;
				CLANG_WARN_OBJC_LITERAL_CONVERSION = YES;
				CLANG_WARN_OBJC_ROOT_CLASS = YES_ERROR;
				CLANG_WARN_RANGE_LOOP_ANALYSIS = YES;
				CLANG_WARN_STRICT_PROTOTYPES = YES;
				CLANG_WARN_SUSPICIOUS_MOVE = YES;
				CLANG_WARN_UNGUARDED_AVAILABILITY = YES_AGGRESSIVE;
				CLANG_WARN_UNREACHABLE_CODE = YES;
				CLANG_WARN__DUPLICATE_METHOD_MATCH = YES;
				COPY_PHASE_STRIP = NO;
				DEBUG_INFORMATION_FORMAT = "dwarf-with-dsym";
				ENABLE_NS_ASSERTIONS = NO;
				ENABLE_STRICT_OBJC_MSGSEND = YES;
				GCC_C_LANGUAGE_STANDARD = gnu11;
				GCC_NO_COMMON_BLOCKS = YES;
				GCC_WARN_64_TO_32_BIT_CONVERSION = YES;
				GCC_WARN_ABOUT_RETURN_TYPE = YES_ERROR;
				GCC_WARN_UNDECLARED_SELECTOR = YES;
				GCC_WARN_UNINITIALIZED_AUTOS = YES_AGGRESSIVE;
				GCC_WARN_UNUSED_FUNCTION = YES;
				GCC_WARN_UNUSED_VARIABLE = YES;
				IPHONEOS_DEPLOYMENT_TARGET = 13.0;
				MTL_ENABLE_DEBUG_INFO = NO;
				MTL_FAST_MATH = YES;
				SDKROOT = iphoneos;
				SWIFT_COMPILATION_MODE = wholemodule;
				SWIFT_OPTIMIZATION_LEVEL = "-O";
				VALIDATE_PRODUCT = YES;
			};
			name = Release;
		};
		A48D50AD22BE625B00467148 /* Debug */ = {
			isa = XCBuildConfiguration;
			buildSettings = {
				ASSETCATALOG_COMPILER_APPICON_NAME = AppIcon;
				CODE_SIGN_STYLE = Automatic;
				DEVELOPMENT_ASSET_PATHS = "SwiftUI_ListAndNavigation/Preview\\ Content";
				DEVELOPMENT_TEAM = X3N5XPMN8M;
				ENABLE_PREVIEWS = YES;
				INFOPLIST_FILE = SwiftUI_ListAndNavigation/Info.plist;
				IPHONEOS_DEPLOYMENT_TARGET = 13.0;
				LD_RUNPATH_SEARCH_PATHS = (
					"$(inherited)",
					"@executable_path/Frameworks",
				);
				PRODUCT_BUNDLE_IDENTIFIER = "com.samson6552-gmail.com.SwiftUI-ListAndNavigation";
				PRODUCT_NAME = "$(TARGET_NAME)";
				SWIFT_VERSION = 5.0;
				TARGETED_DEVICE_FAMILY = "1,2";
			};
			name = Debug;
		};
		A48D50AE22BE625B00467148 /* Release */ = {
			isa = XCBuildConfiguration;
			buildSettings = {
				ASSETCATALOG_COMPILER_APPICON_NAME = AppIcon;
				CODE_SIGN_STYLE = Automatic;
				DEVELOPMENT_ASSET_PATHS = "SwiftUI_ListAndNavigation/Preview\\ Content";
				DEVELOPMENT_TEAM = X3N5XPMN8M;
				ENABLE_PREVIEWS = YES;
				INFOPLIST_FILE = SwiftUI_ListAndNavigation/Info.plist;
				IPHONEOS_DEPLOYMENT_TARGET = 13.0;
				LD_RUNPATH_SEARCH_PATHS = (
					"$(inherited)",
					"@executable_path/Frameworks",
				);
				PRODUCT_BUNDLE_IDENTIFIER = "com.samson6552-gmail.com.SwiftUI-ListAndNavigation";
				PRODUCT_NAME = "$(TARGET_NAME)";
				SWIFT_VERSION = 5.0;
				TARGETED_DEVICE_FAMILY = "1,2";
			};
			name = Release;
		};
		A48D50B022BE625B00467148 /* Debug */ = {
			isa = XCBuildConfiguration;
			buildSettings = {
				ALWAYS_EMBED_SWIFT_STANDARD_LIBRARIES = YES;
				BUNDLE_LOADER = "$(TEST_HOST)";
				CODE_SIGN_STYLE = Automatic;
				DEVELOPMENT_TEAM = X3N5XPMN8M;
				INFOPLIST_FILE = SwiftUI_ListAndNavigationTests/Info.plist;
				LD_RUNPATH_SEARCH_PATHS = (
					"$(inherited)",
					"@executable_path/Frameworks",
					"@loader_path/Frameworks",
				);
				PRODUCT_BUNDLE_IDENTIFIER = "com.samson6552-gmail.com.SwiftUI-ListAndNavigationTests";
				PRODUCT_NAME = "$(TARGET_NAME)";
				SWIFT_VERSION = 5.0;
				TARGETED_DEVICE_FAMILY = "1,2";
				TEST_HOST = "$(BUILT_PRODUCTS_DIR)/SwiftUI_ListAndNavigation.app/SwiftUI_ListAndNavigation";
			};
			name = Debug;
		};
		A48D50B122BE625B00467148 /* Release */ = {
			isa = XCBuildConfiguration;
			buildSettings = {
				ALWAYS_EMBED_SWIFT_STANDARD_LIBRARIES = YES;
				BUNDLE_LOADER = "$(TEST_HOST)";
				CODE_SIGN_STYLE = Automatic;
				DEVELOPMENT_TEAM = X3N5XPMN8M;
				INFOPLIST_FILE = SwiftUI_ListAndNavigationTests/Info.plist;
				LD_RUNPATH_SEARCH_PATHS = (
					"$(inherited)",
					"@executable_path/Frameworks",
					"@loader_path/Frameworks",
				);
				PRODUCT_BUNDLE_IDENTIFIER = "com.samson6552-gmail.com.SwiftUI-ListAndNavigationTests";
				PRODUCT_NAME = "$(TARGET_NAME)";
				SWIFT_VERSION = 5.0;
				TARGETED_DEVICE_FAMILY = "1,2";
				TEST_HOST = "$(BUILT_PRODUCTS_DIR)/SwiftUI_ListAndNavigation.app/SwiftUI_ListAndNavigation";
			};
			name = Release;
		};
		A48D50B322BE625B00467148 /* Debug */ = {
			isa = XCBuildConfiguration;
			buildSettings = {
				ALWAYS_EMBED_SWIFT_STANDARD_LIBRARIES = YES;
				CODE_SIGN_STYLE = Automatic;
				DEVELOPMENT_TEAM = X3N5XPMN8M;
				INFOPLIST_FILE = SwiftUI_ListAndNavigationUITests/Info.plist;
				LD_RUNPATH_SEARCH_PATHS = (
					"$(inherited)",
					"@executable_path/Frameworks",
					"@loader_path/Frameworks",
				);
				PRODUCT_BUNDLE_IDENTIFIER = "com.samson6552-gmail.com.SwiftUI-ListAndNavigationUITests";
				PRODUCT_NAME = "$(TARGET_NAME)";
				SWIFT_VERSION = 5.0;
				TARGETED_DEVICE_FAMILY = "1,2";
				TEST_TARGET_NAME = SwiftUI_ListAndNavigation;
			};
			name = Debug;
		};
		A48D50B422BE625B00467148 /* Release */ = {
			isa = XCBuildConfiguration;
			buildSettings = {
				ALWAYS_EMBED_SWIFT_STANDARD_LIBRARIES = YES;
				CODE_SIGN_STYLE = Automatic;
				DEVELOPMENT_TEAM = X3N5XPMN8M;
				INFOPLIST_FILE = SwiftUI_ListAndNavigationUITests/Info.plist;
				LD_RUNPATH_SEARCH_PATHS = (
					"$(inherited)",
					"@executable_path/Frameworks",
					"@loader_path/Frameworks",
				);
				PRODUCT_BUNDLE_IDENTIFIER = "com.samson6552-gmail.com.SwiftUI-ListAndNavigationUITests";
				PRODUCT_NAME = "$(TARGET_NAME)";
				SWIFT_VERSION = 5.0;
				TARGETED_DEVICE_FAMILY = "1,2";
				TEST_TARGET_NAME = SwiftUI_ListAndNavigation;
			};
			name = Release;
		};
/* End XCBuildConfiguration section */

/* Begin XCConfigurationList section */
		A48D507D22BE625500467148 /* Build configuration list for PBXProject "SwiftUI_ListAndNavigation" */ = {
			isa = XCConfigurationList;
			buildConfigurations = (
				A48D50AA22BE625B00467148 /* Debug */,
				A48D50AB22BE625B00467148 /* Release */,
			);
			defaultConfigurationIsVisible = 0;
			defaultConfigurationName = Release;
		};
		A48D50AC22BE625B00467148 /* Build configuration list for PBXNativeTarget "SwiftUI_ListAndNavigation" */ = {
			isa = XCConfigurationList;
			buildConfigurations = (
				A48D50AD22BE625B00467148 /* Debug */,
				A48D50AE22BE625B00467148 /* Release */,
			);
			defaultConfigurationIsVisible = 0;
			defaultConfigurationName = Release;
		};
		A48D50AF22BE625B00467148 /* Build configuration list for PBXNativeTarget "SwiftUI_ListAndNavigationTests" */ = {
			isa = XCConfigurationList;
			buildConfigurations = (
				A48D50B022BE625B00467148 /* Debug */,
				A48D50B122BE625B00467148 /* Release */,
			);
			defaultConfigurationIsVisible = 0;
			defaultConfigurationName = Release;
		};
		A48D50B222BE625B00467148 /* Build configuration list for PBXNativeTarget "SwiftUI_ListAndNavigationUITests" */ = {
			isa = XCConfigurationList;
			buildConfigurations = (
				A48D50B322BE625B00467148 /* Debug */,
				A48D50B422BE625B00467148 /* Release */,
			);
			defaultConfigurationIsVisible = 0;
			defaultConfigurationName = Release;
		};
/* End XCConfigurationList section */
	};
	rootObject = A48D507A22BE625500467148 /* Project object */;
}
